// !$*UTF8*$!
{
	archiveVersion = 1;
	classes = {
	};
	objectVersion = 56;
	objects = {

/* Begin PBXBuildFile section */
		A65074772A12813B005A5ECB /* JarvisApp.swift in Sources */ = {isa = PBXBuildFile; fileRef = A65074762A12813B005A5ECB /* JarvisApp.swift */; };
		A65074792A12813B005A5ECB /* HomeView.swift in Sources */ = {isa = PBXBuildFile; fileRef = A65074782A12813B005A5ECB /* HomeView.swift */; };
		A650747B2A12813C005A5ECB /* Assets.xcassets in Resources */ = {isa = PBXBuildFile; fileRef = A650747A2A12813C005A5ECB /* Assets.xcassets */; };
		A650747F2A12813C005A5ECB /* Preview Assets.xcassets in Resources */ = {isa = PBXBuildFile; fileRef = A650747E2A12813C005A5ECB /* Preview Assets.xcassets */; };
		A65074972A13D973005A5ECB /* AppDelegate.swift in Sources */ = {isa = PBXBuildFile; fileRef = A65074962A13D973005A5ECB /* AppDelegate.swift */; };
		A650749A2A13DA2A005A5ECB /* JarvisService.swift in Sources */ = {isa = PBXBuildFile; fileRef = A65074992A13DA2A005A5ECB /* JarvisService.swift */; };
		A65074A02A152B90005A5ECB /* OpenAI in Frameworks */ = {isa = PBXBuildFile; productRef = A650749F2A152B90005A5ECB /* OpenAI */; };
		A65074A32A152E6F005A5ECB /* Factory in Frameworks */ = {isa = PBXBuildFile; productRef = A65074A22A152E6F005A5ECB /* Factory */; };
		A65074A62A152E97005A5ECB /* Container+.swift in Sources */ = {isa = PBXBuildFile; fileRef = A65074A52A152E97005A5ECB /* Container+.swift */; };
/* End PBXBuildFile section */

/* Begin PBXFileReference section */
		A65074732A12813B005A5ECB /* Jarvis.app */ = {isa = PBXFileReference; explicitFileType = wrapper.application; includeInIndex = 0; path = Jarvis.app; sourceTree = BUILT_PRODUCTS_DIR; };
		A65074762A12813B005A5ECB /* JarvisApp.swift */ = {isa = PBXFileReference; lastKnownFileType = sourcecode.swift; path = JarvisApp.swift; sourceTree = "<group>"; };
		A65074782A12813B005A5ECB /* HomeView.swift */ = {isa = PBXFileReference; lastKnownFileType = sourcecode.swift; path = HomeView.swift; sourceTree = "<group>"; };
		A650747A2A12813C005A5ECB /* Assets.xcassets */ = {isa = PBXFileReference; lastKnownFileType = folder.assetcatalog; path = Assets.xcassets; sourceTree = "<group>"; };
		A650747C2A12813C005A5ECB /* Jarvis.entitlements */ = {isa = PBXFileReference; lastKnownFileType = text.plist.entitlements; path = Jarvis.entitlements; sourceTree = "<group>"; };
		A650747E2A12813C005A5ECB /* Preview Assets.xcassets */ = {isa = PBXFileReference; lastKnownFileType = folder.assetcatalog; path = "Preview Assets.xcassets"; sourceTree = "<group>"; };
		A65074962A13D973005A5ECB /* AppDelegate.swift */ = {isa = PBXFileReference; lastKnownFileType = sourcecode.swift; path = AppDelegate.swift; sourceTree = "<group>"; };
		A65074992A13DA2A005A5ECB /* JarvisService.swift */ = {isa = PBXFileReference; lastKnownFileType = sourcecode.swift; path = JarvisService.swift; sourceTree = "<group>"; };
		A650749D2A152B73005A5ECB /* OpenAI */ = {isa = PBXFileReference; lastKnownFileType = wrapper; name = OpenAI; path = ../../Downloads/OpenAI; sourceTree = "<group>"; };
		A65074A52A152E97005A5ECB /* Container+.swift */ = {isa = PBXFileReference; lastKnownFileType = sourcecode.swift; path = "Container+.swift"; sourceTree = "<group>"; };
/* End PBXFileReference section */

/* Begin PBXFrameworksBuildPhase section */
		A65074702A12813B005A5ECB /* Frameworks */ = {
			isa = PBXFrameworksBuildPhase;
			buildActionMask = 2147483647;
			files = (
				A65074A02A152B90005A5ECB /* OpenAI in Frameworks */,
				A65074A32A152E6F005A5ECB /* Factory in Frameworks */,
			);
			runOnlyForDeploymentPostprocessing = 0;
		};
/* End PBXFrameworksBuildPhase section */

/* Begin PBXGroup section */
		A650746A2A12813A005A5ECB = {
			isa = PBXGroup;
			children = (
				A65074752A12813B005A5ECB /* Jarvis */,
				A650749D2A152B73005A5ECB /* OpenAI */,
				A65074742A12813B005A5ECB /* Products */,
				A650749E2A152B90005A5ECB /* Frameworks */,
			);
			sourceTree = "<group>";
		};
		A65074742A12813B005A5ECB /* Products */ = {
			isa = PBXGroup;
			children = (
				A65074732A12813B005A5ECB /* Jarvis.app */,
			);
			name = Products;
			sourceTree = "<group>";
		};
		A65074752A12813B005A5ECB /* Jarvis */ = {
			isa = PBXGroup;
			children = (
				A65074A42A152E8F005A5ECB /* Container */,
				A65074952A13D968005A5ECB /* Application */,
				A65074982A13DA21005A5ECB /* Service */,
				A65074A72A153427005A5ECB /* Presentation */,
				A650747A2A12813C005A5ECB /* Assets.xcassets */,
				A650747C2A12813C005A5ECB /* Jarvis.entitlements */,
				A650747D2A12813C005A5ECB /* Preview Content */,
			);
			path = Jarvis;
			sourceTree = "<group>";
		};
		A650747D2A12813C005A5ECB /* Preview Content */ = {
			isa = PBXGroup;
			children = (
				A650747E2A12813C005A5ECB /* Preview Assets.xcassets */,
			);
			path = "Preview Content";
			sourceTree = "<group>";
		};
		A65074952A13D968005A5ECB /* Application */ = {
			isa = PBXGroup;
			children = (
				A65074962A13D973005A5ECB /* AppDelegate.swift */,
				A65074762A12813B005A5ECB /* JarvisApp.swift */,
			);
			path = Application;
			sourceTree = "<group>";
		};
		A65074982A13DA21005A5ECB /* Service */ = {
			isa = PBXGroup;
			children = (
				A65074992A13DA2A005A5ECB /* JarvisService.swift */,
			);
			path = Service;
			sourceTree = "<group>";
		};
		A650749E2A152B90005A5ECB /* Frameworks */ = {
			isa = PBXGroup;
			children = (
			);
			name = Frameworks;
			sourceTree = "<group>";
		};
		A65074A42A152E8F005A5ECB /* Container */ = {
			isa = PBXGroup;
			children = (
				A65074A52A152E97005A5ECB /* Container+.swift */,
			);
			path = Container;
			sourceTree = "<group>";
		};
		A65074A72A153427005A5ECB /* Presentation */ = {
			isa = PBXGroup;
			children = (
				A65074782A12813B005A5ECB /* HomeView.swift */,
			);
			path = Presentation;
			sourceTree = "<group>";
		};
/* End PBXGroup section */

/* Begin PBXNativeTarget section */
		A65074722A12813B005A5ECB /* Jarvis */ = {
			isa = PBXNativeTarget;
			buildConfigurationList = A65074822A12813C005A5ECB /* Build configuration list for PBXNativeTarget "Jarvis" */;
			buildPhases = (
				A650746F2A12813B005A5ECB /* Sources */,
				A65074702A12813B005A5ECB /* Frameworks */,
				A65074712A12813B005A5ECB /* Resources */,
			);
			buildRules = (
			);
			dependencies = (
			);
			name = Jarvis;
			packageProductDependencies = (
				A650749F2A152B90005A5ECB /* OpenAI */,
				A65074A22A152E6F005A5ECB /* Factory */,
			);
			productName = Jarvis;
			productReference = A65074732A12813B005A5ECB /* Jarvis.app */;
			productType = "com.apple.product-type.application";
		};
/* End PBXNativeTarget section */

/* Begin PBXProject section */
		A650746B2A12813A005A5ECB /* Project object */ = {
			isa = PBXProject;
			attributes = {
				BuildIndependentTargetsInParallel = 1;
				LastSwiftUpdateCheck = 1420;
				LastUpgradeCheck = 1420;
				TargetAttributes = {
					A65074722A12813B005A5ECB = {
						CreatedOnToolsVersion = 14.2;
					};
				};
			};
			buildConfigurationList = A650746E2A12813A005A5ECB /* Build configuration list for PBXProject "Jarvis" */;
			compatibilityVersion = "Xcode 14.0";
			developmentRegion = en;
			hasScannedForEncodings = 0;
			knownRegions = (
				en,
				Base,
			);
			mainGroup = A650746A2A12813A005A5ECB;
			packageReferences = (
				A65074A12A152E6F005A5ECB /* XCRemoteSwiftPackageReference "Factory" */,
			);
			productRefGroup = A65074742A12813B005A5ECB /* Products */;
			projectDirPath = "";
			projectRoot = "";
			targets = (
				A65074722A12813B005A5ECB /* Jarvis */,
			);
		};
/* End PBXProject section */

/* Begin PBXResourcesBuildPhase section */
		A65074712A12813B005A5ECB /* Resources */ = {
			isa = PBXResourcesBuildPhase;
			buildActionMask = 2147483647;
			files = (
				A650747F2A12813C005A5ECB /* Preview Assets.xcassets in Resources */,
				A650747B2A12813C005A5ECB /* Assets.xcassets in Resources */,
			);
			runOnlyForDeploymentPostprocessing = 0;
		};
/* End PBXResourcesBuildPhase section */

/* Begin PBXSourcesBuildPhase section */
		A650746F2A12813B005A5ECB /* Sources */ = {
			isa = PBXSourcesBuildPhase;
			buildActionMask = 2147483647;
			files = (
				A65074972A13D973005A5ECB /* AppDelegate.swift in Sources */,
				A65074A62A152E97005A5ECB /* Container+.swift in Sources */,
				A65074792A12813B005A5ECB /* HomeView.swift in Sources */,
				A650749A2A13DA2A005A5ECB /* JarvisService.swift in Sources */,
				A65074772A12813B005A5ECB /* JarvisApp.swift in Sources */,
			);
			runOnlyForDeploymentPostprocessing = 0;
		};
/* End PBXSourcesBuildPhase section */

/* Begin XCBuildConfiguration section */
		A65074802A12813C005A5ECB /* Debug */ = {
			isa = XCBuildConfiguration;
			buildSettings = {
				ALWAYS_SEARCH_USER_PATHS = NO;
				CLANG_ANALYZER_NONNULL = YES;
				CLANG_ANALYZER_NUMBER_OBJECT_CONVERSION = YES_AGGRESSIVE;
				CLANG_CXX_LANGUAGE_STANDARD = "gnu++20";
				CLANG_ENABLE_MODULES = YES;
				CLANG_ENABLE_OBJC_ARC = YES;
				CLANG_ENABLE_OBJC_WEAK = YES;
				CLANG_WARN_BLOCK_CAPTURE_AUTORELEASING = YES;
				CLANG_WARN_BOOL_CONVERSION = YES;
				CLANG_WARN_COMMA = YES;
				CLANG_WARN_CONSTANT_CONVERSION = YES;
				CLANG_WARN_DEPRECATED_OBJC_IMPLEMENTATIONS = YES;
				CLANG_WARN_DIRECT_OBJC_ISA_USAGE = YES_ERROR;
				CLANG_WARN_DOCUMENTATION_COMMENTS = YES;
				CLANG_WARN_EMPTY_BODY = YES;
				CLANG_WARN_ENUM_CONVERSION = YES;
				CLANG_WARN_INFINITE_RECURSION = YES;
				CLANG_WARN_INT_CONVERSION = YES;
				CLANG_WARN_NON_LITERAL_NULL_CONVERSION = YES;
				CLANG_WARN_OBJC_IMPLICIT_RETAIN_SELF = YES;
				CLANG_WARN_OBJC_LITERAL_CONVERSION = YES;
				CLANG_WARN_OBJC_ROOT_CLASS = YES_ERROR;
				CLANG_WARN_QUOTED_INCLUDE_IN_FRAMEWORK_HEADER = YES;
				CLANG_WARN_RANGE_LOOP_ANALYSIS = YES;
				CLANG_WARN_STRICT_PROTOTYPES = YES;
				CLANG_WARN_SUSPICIOUS_MOVE = YES;
				CLANG_WARN_UNGUARDED_AVAILABILITY = YES_AGGRESSIVE;
				CLANG_WARN_UNREACHABLE_CODE = YES;
				CLANG_WARN__DUPLICATE_METHOD_MATCH = YES;
				COPY_PHASE_STRIP = NO;
				DEBUG_INFORMATION_FORMAT = dwarf;
				ENABLE_STRICT_OBJC_MSGSEND = YES;
				ENABLE_TESTABILITY = YES;
				GCC_C_LANGUAGE_STANDARD = gnu11;
				GCC_DYNAMIC_NO_PIC = NO;
				GCC_NO_COMMON_BLOCKS = YES;
				GCC_OPTIMIZATION_LEVEL = 0;
				GCC_PREPROCESSOR_DEFINITIONS = (
					"DEBUG=1",
					"$(inherited)",
				);
				GCC_WARN_64_TO_32_BIT_CONVERSION = YES;
				GCC_WARN_ABOUT_RETURN_TYPE = YES_ERROR;
				GCC_WARN_UNDECLARED_SELECTOR = YES;
				GCC_WARN_UNINITIALIZED_AUTOS = YES_AGGRESSIVE;
				GCC_WARN_UNUSED_FUNCTION = YES;
				GCC_WARN_UNUSED_VARIABLE = YES;
				MTL_ENABLE_DEBUG_INFO = INCLUDE_SOURCE;
				MTL_FAST_MATH = YES;
				ONLY_ACTIVE_ARCH = YES;
				SWIFT_ACTIVE_COMPILATION_CONDITIONS = DEBUG;
				SWIFT_OPTIMIZATION_LEVEL = "-Onone";
			};
			name = Debug;
		};
		A65074812A12813C005A5ECB /* Release */ = {
			isa = XCBuildConfiguration;
			buildSettings = {
				ALWAYS_SEARCH_USER_PATHS = NO;
				CLANG_ANALYZER_NONNULL = YES;
				CLANG_ANALYZER_NUMBER_OBJECT_CONVERSION = YES_AGGRESSIVE;
				CLANG_CXX_LANGUAGE_STANDARD = "gnu++20";
				CLANG_ENABLE_MODULES = YES;
				CLANG_ENABLE_OBJC_ARC = YES;
				CLANG_ENABLE_OBJC_WEAK = YES;
				CLANG_WARN_BLOCK_CAPTURE_AUTORELEASING = YES;
				CLANG_WARN_BOOL_CONVERSION = YES;
				CLANG_WARN_COMMA = YES;
				CLANG_WARN_CONSTANT_CONVERSION = YES;
				CLANG_WARN_DEPRECATED_OBJC_IMPLEMENTATIONS = YES;
				CLANG_WARN_DIRECT_OBJC_ISA_USAGE = YES_ERROR;
				CLANG_WARN_DOCUMENTATION_COMMENTS = YES;
				CLANG_WARN_EMPTY_BODY = YES;
				CLANG_WARN_ENUM_CONVERSION = YES;
				CLANG_WARN_INFINITE_RECURSION = YES;
				CLANG_WARN_INT_CONVERSION = YES;
				CLANG_WARN_NON_LITERAL_NULL_CONVERSION = YES;
				CLANG_WARN_OBJC_IMPLICIT_RETAIN_SELF = YES;
				CLANG_WARN_OBJC_LITERAL_CONVERSION = YES;
				CLANG_WARN_OBJC_ROOT_CLASS = YES_ERROR;
				CLANG_WARN_QUOTED_INCLUDE_IN_FRAMEWORK_HEADER = YES;
				CLANG_WARN_RANGE_LOOP_ANALYSIS = YES;
				CLANG_WARN_STRICT_PROTOTYPES = YES;
				CLANG_WARN_SUSPICIOUS_MOVE = YES;
				CLANG_WARN_UNGUARDED_AVAILABILITY = YES_AGGRESSIVE;
				CLANG_WARN_UNREACHABLE_CODE = YES;
				CLANG_WARN__DUPLICATE_METHOD_MATCH = YES;
				COPY_PHASE_STRIP = NO;
				DEBUG_INFORMATION_FORMAT = "dwarf-with-dsym";
				ENABLE_NS_ASSERTIONS = NO;
				ENABLE_STRICT_OBJC_MSGSEND = YES;
				GCC_C_LANGUAGE_STANDARD = gnu11;
				GCC_NO_COMMON_BLOCKS = YES;
				GCC_WARN_64_TO_32_BIT_CONVERSION = YES;
				GCC_WARN_ABOUT_RETURN_TYPE = YES_ERROR;
				GCC_WARN_UNDECLARED_SELECTOR = YES;
				GCC_WARN_UNINITIALIZED_AUTOS = YES_AGGRESSIVE;
				GCC_WARN_UNUSED_FUNCTION = YES;
				GCC_WARN_UNUSED_VARIABLE = YES;
				MTL_ENABLE_DEBUG_INFO = NO;
				MTL_FAST_MATH = YES;
				SWIFT_COMPILATION_MODE = wholemodule;
				SWIFT_OPTIMIZATION_LEVEL = "-O";
			};
			name = Release;
		};
		A65074832A12813C005A5ECB /* Debug */ = {
			isa = XCBuildConfiguration;
			buildSettings = {
				ASSETCATALOG_COMPILER_APPICON_NAME = AppIcon;
				ASSETCATALOG_COMPILER_GLOBAL_ACCENT_COLOR_NAME = AccentColor;
				CODE_SIGN_ENTITLEMENTS = Jarvis/Jarvis.entitlements;
				CODE_SIGN_STYLE = Automatic;
				CURRENT_PROJECT_VERSION = 1;
				DEVELOPMENT_ASSET_PATHS = "\"Jarvis/Preview Content\"";
				DEVELOPMENT_TEAM = G3A59K77K4;
				ENABLE_HARDENED_RUNTIME = YES;
				ENABLE_PREVIEWS = YES;
				GENERATE_INFOPLIST_FILE = YES;
				"INFOPLIST_KEY_UIApplicationSceneManifest_Generation[sdk=iphoneos*]" = YES;
				"INFOPLIST_KEY_UIApplicationSceneManifest_Generation[sdk=iphonesimulator*]" = YES;
				"INFOPLIST_KEY_UIApplicationSupportsIndirectInputEvents[sdk=iphoneos*]" = YES;
				"INFOPLIST_KEY_UIApplicationSupportsIndirectInputEvents[sdk=iphonesimulator*]" = YES;
				"INFOPLIST_KEY_UILaunchScreen_Generation[sdk=iphoneos*]" = YES;
				"INFOPLIST_KEY_UILaunchScreen_Generation[sdk=iphonesimulator*]" = YES;
				"INFOPLIST_KEY_UIStatusBarStyle[sdk=iphoneos*]" = UIStatusBarStyleDefault;
				"INFOPLIST_KEY_UIStatusBarStyle[sdk=iphonesimulator*]" = UIStatusBarStyleDefault;
				INFOPLIST_KEY_UISupportedInterfaceOrientations_iPad = "UIInterfaceOrientationPortrait UIInterfaceOrientationPortraitUpsideDown UIInterfaceOrientationLandscapeLeft UIInterfaceOrientationLandscapeRight";
				INFOPLIST_KEY_UISupportedInterfaceOrientations_iPhone = "UIInterfaceOrientationPortrait UIInterfaceOrientationLandscapeLeft UIInterfaceOrientationLandscapeRight";
				IPHONEOS_DEPLOYMENT_TARGET = 15.0;
				LD_RUNPATH_SEARCH_PATHS = "@executable_path/Frameworks";
				"LD_RUNPATH_SEARCH_PATHS[sdk=macosx*]" = "@executable_path/../Frameworks";
				MACOSX_DEPLOYMENT_TARGET = 13.1;
				MARKETING_VERSION = 1.0;
				PRODUCT_BUNDLE_IDENTIFIER = com.hoangatuan.Jarvis;
				PRODUCT_NAME = "$(TARGET_NAME)";
				SDKROOT = auto;
				SUPPORTED_PLATFORMS = "iphoneos iphonesimulator macosx";
				SWIFT_EMIT_LOC_STRINGS = YES;
				SWIFT_VERSION = 5.0;
				TARGETED_DEVICE_FAMILY = "1,2";
			};
			name = Debug;
		};
		A65074842A12813C005A5ECB /* Release */ = {
			isa = XCBuildConfiguration;
			buildSettings = {
				ASSETCATALOG_COMPILER_APPICON_NAME = AppIcon;
				ASSETCATALOG_COMPILER_GLOBAL_ACCENT_COLOR_NAME = AccentColor;
				CODE_SIGN_ENTITLEMENTS = Jarvis/Jarvis.entitlements;
				CODE_SIGN_STYLE = Automatic;
				CURRENT_PROJECT_VERSION = 1;
				DEVELOPMENT_ASSET_PATHS = "\"Jarvis/Preview Content\"";
				DEVELOPMENT_TEAM = G3A59K77K4;
				ENABLE_HARDENED_RUNTIME = YES;
				ENABLE_PREVIEWS = YES;
				GENERATE_INFOPLIST_FILE = YES;
				"INFOPLIST_KEY_UIApplicationSceneManifest_Generation[sdk=iphoneos*]" = YES;
				"INFOPLIST_KEY_UIApplicationSceneManifest_Generation[sdk=iphonesimulator*]" = YES;
				"INFOPLIST_KEY_UIApplicationSupportsIndirectInputEvents[sdk=iphoneos*]" = YES;
				"INFOPLIST_KEY_UIApplicationSupportsIndirectInputEvents[sdk=iphonesimulator*]" = YES;
				"INFOPLIST_KEY_UILaunchScreen_Generation[sdk=iphoneos*]" = YES;
				"INFOPLIST_KEY_UILaunchScreen_Generation[sdk=iphonesimulator*]" = YES;
				"INFOPLIST_KEY_UIStatusBarStyle[sdk=iphoneos*]" = UIStatusBarStyleDefault;
				"INFOPLIST_KEY_UIStatusBarStyle[sdk=iphonesimulator*]" = UIStatusBarStyleDefault;
				INFOPLIST_KEY_UISupportedInterfaceOrientations_iPad = "UIInterfaceOrientationPortrait UIInterfaceOrientationPortraitUpsideDown UIInterfaceOrientationLandscapeLeft UIInterfaceOrientationLandscapeRight";
				INFOPLIST_KEY_UISupportedInterfaceOrientations_iPhone = "UIInterfaceOrientationPortrait UIInterfaceOrientationLandscapeLeft UIInterfaceOrientationLandscapeRight";
				IPHONEOS_DEPLOYMENT_TARGET = 15.0;
				LD_RUNPATH_SEARCH_PATHS = "@executable_path/Frameworks";
				"LD_RUNPATH_SEARCH_PATHS[sdk=macosx*]" = "@executable_path/../Frameworks";
				MACOSX_DEPLOYMENT_TARGET = 13.1;
				MARKETING_VERSION = 1.0;
				PRODUCT_BUNDLE_IDENTIFIER = com.hoangatuan.Jarvis;
				PRODUCT_NAME = "$(TARGET_NAME)";
				SDKROOT = auto;
				SUPPORTED_PLATFORMS = "iphoneos iphonesimulator macosx";
				SWIFT_EMIT_LOC_STRINGS = YES;
				SWIFT_VERSION = 5.0;
				TARGETED_DEVICE_FAMILY = "1,2";
			};
			name = Release;
		};
/* End XCBuildConfiguration section */

/* Begin XCConfigurationList section */
		A650746E2A12813A005A5ECB /* Build configuration list for PBXProject "Jarvis" */ = {
			isa = XCConfigurationList;
			buildConfigurations = (
				A65074802A12813C005A5ECB /* Debug */,
				A65074812A12813C005A5ECB /* Release */,
			);
			defaultConfigurationIsVisible = 0;
			defaultConfigurationName = Release;
		};
		A65074822A12813C005A5ECB /* Build configuration list for PBXNativeTarget "Jarvis" */ = {
			isa = XCConfigurationList;
			buildConfigurations = (
				A65074832A12813C005A5ECB /* Debug */,
				A65074842A12813C005A5ECB /* Release */,
			);
			defaultConfigurationIsVisible = 0;
			defaultConfigurationName = Release;
		};
/* End XCConfigurationList section */

/* Begin XCRemoteSwiftPackageReference section */
		A65074A12A152E6F005A5ECB /* XCRemoteSwiftPackageReference "Factory" */ = {
			isa = XCRemoteSwiftPackageReference;
			repositoryURL = "https://github.com/hmlongco/Factory";
			requirement = {
				kind = upToNextMajorVersion;
				minimumVersion = 2.0.0;
			};
		};
/* End XCRemoteSwiftPackageReference section */

/* Begin XCSwiftPackageProductDependency section */
		A650749F2A152B90005A5ECB /* OpenAI */ = {
			isa = XCSwiftPackageProductDependency;
			productName = OpenAI;
		};
		A65074A22A152E6F005A5ECB /* Factory */ = {
			isa = XCSwiftPackageProductDependency;
			package = A65074A12A152E6F005A5ECB /* XCRemoteSwiftPackageReference "Factory" */;
			productName = Factory;
		};
/* End XCSwiftPackageProductDependency section */
	};
	rootObject = A650746B2A12813A005A5ECB /* Project object */;
}
